
Microsoft Visual Studio Solution File, Format Version 12.00
# Visual Studio 15
VisualStudioVersion = 15.0.26228.9
MinimumVisualStudioVersion = 10.0.40219.1
Project("{FAE04EC0-301F-11D3-BF4B-00C04F79EFBC}") = "GameStateManagement", "GameStateManagement\GameStateManagement.csproj", "{08CF175B-0057-47AF-8C8D-406010A53895}"
EndProject
Project("{2150E333-8FDC-42A3-9474-1A3956D46DE8}") = "Platforms", "Platforms", "{B7157C98-57CE-457E-A45C-9D1D746A7B93}"
EndProject
Project("{FAE04EC0-301F-11D3-BF4B-00C04F79EFBC}") = "GameStateManagementSample.DesktopGL", "Platforms\DesktopGL\GameStateManagementSample.DesktopGL.csproj", "{055FEDD0-AB52-45CE-A74D-48C009E4DB73}"
EndProject
Project("{FAE04EC0-301F-11D3-BF4B-00C04F79EFBC}") = "GameStateManagementSample.WindowsDX", "Platforms\WindowsDX\GameStateManagementSample.WindowsDX.csproj", "{360266C3-DF94-4A96-A1C9-915D97D6549F}"
EndProject
Project("{FAE04EC0-301F-11D3-BF4B-00C04F79EFBC}") = "GameStateManagementSample.UWP", "Platforms\WindowsUWP\GameStateManagementSample.UWP.csproj", "{98E44B20-48E2-4B36-9A87-D626E2C598BB}"
EndProject
Project("{FAE04EC0-301F-11D3-BF4B-00C04F79EFBC}") = "GameStateManagementSample.Android", "Platforms\Android\GameStateManagementSample.Android.csproj", "{39138599-48BD-4DCF-83AF-78DBB4C23277}"
EndProject
Project("{FAE04EC0-301F-11D3-BF4B-00C04F79EFBC}") = "GameStateManagementSample.iOS", "Platforms\iOS\GameStateManagementSample.iOS.csproj", "{F70F5F39-72F9-45FC-97DA-FAA70C66BA65}"
EndProject
Global
	GlobalSection(SolutionConfigurationPlatforms) = preSolution
		Ad-Hoc|Any CPU = Ad-Hoc|Any CPU
		Ad-Hoc|ARM = Ad-Hoc|ARM
		Ad-Hoc|iPhone = Ad-Hoc|iPhone
		Ad-Hoc|iPhoneSimulator = Ad-Hoc|iPhoneSimulator
		Ad-Hoc|x64 = Ad-Hoc|x64
		Ad-Hoc|x86 = Ad-Hoc|x86
		AppStore|Any CPU = AppStore|Any CPU
		AppStore|ARM = AppStore|ARM
		AppStore|iPhone = AppStore|iPhone
		AppStore|iPhoneSimulator = AppStore|iPhoneSimulator
		AppStore|x64 = AppStore|x64
		AppStore|x86 = AppStore|x86
		Debug|Any CPU = Debug|Any CPU
		Debug|ARM = Debug|ARM
		Debug|iPhone = Debug|iPhone
		Debug|iPhoneSimulator = Debug|iPhoneSimulator
		Debug|x64 = Debug|x64
		Debug|x86 = Debug|x86
		Release|Any CPU = Release|Any CPU
		Release|ARM = Release|ARM
		Release|iPhone = Release|iPhone
		Release|iPhoneSimulator = Release|iPhoneSimulator
		Release|x64 = Release|x64
		Release|x86 = Release|x86
	EndGlobalSection
	GlobalSection(ProjectConfigurationPlatforms) = postSolution
		{08CF175B-0057-47AF-8C8D-406010A53895}.Ad-Hoc|Any CPU.ActiveCfg = Release|Any CPU
		{08CF175B-0057-47AF-8C8D-406010A53895}.Ad-Hoc|Any CPU.Build.0 = Release|Any CPU
		{08CF175B-0057-47AF-8C8D-406010A53895}.Ad-Hoc|ARM.ActiveCfg = Release|Any CPU
		{08CF175B-0057-47AF-8C8D-406010A53895}.Ad-Hoc|ARM.Build.0 = Release|Any CPU
		{08CF175B-0057-47AF-8C8D-406010A53895}.Ad-Hoc|iPhone.ActiveCfg = Release|Any CPU
		{08CF175B-0057-47AF-8C8D-406010A53895}.Ad-Hoc|iPhone.Build.0 = Release|Any CPU
		{08CF175B-0057-47AF-8C8D-406010A53895}.Ad-Hoc|iPhoneSimulator.ActiveCfg = Release|Any CPU
		{08CF175B-0057-47AF-8C8D-406010A53895}.Ad-Hoc|iPhoneSimulator.Build.0 = Release|Any CPU
		{08CF175B-0057-47AF-8C8D-406010A53895}.Ad-Hoc|x64.ActiveCfg = Release|Any CPU
		{08CF175B-0057-47AF-8C8D-406010A53895}.Ad-Hoc|x64.Build.0 = Release|Any CPU
		{08CF175B-0057-47AF-8C8D-406010A53895}.Ad-Hoc|x86.ActiveCfg = Release|Any CPU
		{08CF175B-0057-47AF-8C8D-406010A53895}.Ad-Hoc|x86.Build.0 = Release|Any CPU
		{08CF175B-0057-47AF-8C8D-406010A53895}.AppStore|Any CPU.ActiveCfg = Release|Any CPU
		{08CF175B-0057-47AF-8C8D-406010A53895}.AppStore|Any CPU.Build.0 = Release|Any CPU
		{08CF175B-0057-47AF-8C8D-406010A53895}.AppStore|ARM.ActiveCfg = Release|Any CPU
		{08CF175B-0057-47AF-8C8D-406010A53895}.AppStore|ARM.Build.0 = Release|Any CPU
		{08CF175B-0057-47AF-8C8D-406010A53895}.AppStore|iPhone.ActiveCfg = Release|Any CPU
		{08CF175B-0057-47AF-8C8D-406010A53895}.AppStore|iPhone.Build.0 = Release|Any CPU
		{08CF175B-0057-47AF-8C8D-406010A53895}.AppStore|iPhoneSimulator.ActiveCfg = Release|Any CPU
		{08CF175B-0057-47AF-8C8D-406010A53895}.AppStore|iPhoneSimulator.Build.0 = Release|Any CPU
		{08CF175B-0057-47AF-8C8D-406010A53895}.AppStore|x64.ActiveCfg = Release|Any CPU
		{08CF175B-0057-47AF-8C8D-406010A53895}.AppStore|x64.Build.0 = Release|Any CPU
		{08CF175B-0057-47AF-8C8D-406010A53895}.AppStore|x86.ActiveCfg = Release|Any CPU
		{08CF175B-0057-47AF-8C8D-406010A53895}.AppStore|x86.Build.0 = Release|Any CPU
		{08CF175B-0057-47AF-8C8D-406010A53895}.Debug|Any CPU.ActiveCfg = Debug|Any CPU
		{08CF175B-0057-47AF-8C8D-406010A53895}.Debug|Any CPU.Build.0 = Debug|Any CPU
		{08CF175B-0057-47AF-8C8D-406010A53895}.Debug|ARM.ActiveCfg = Debug|Any CPU
		{08CF175B-0057-47AF-8C8D-406010A53895}.Debug|ARM.Build.0 = Debug|Any CPU
		{08CF175B-0057-47AF-8C8D-406010A53895}.Debug|iPhone.ActiveCfg = Debug|Any CPU
		{08CF175B-0057-47AF-8C8D-406010A53895}.Debug|iPhone.Build.0 = Debug|Any CPU
		{08CF175B-0057-47AF-8C8D-406010A53895}.Debug|iPhoneSimulator.ActiveCfg = Debug|Any CPU
		{08CF175B-0057-47AF-8C8D-406010A53895}.Debug|iPhoneSimulator.Build.0 = Debug|Any CPU
		{08CF175B-0057-47AF-8C8D-406010A53895}.Debug|x64.ActiveCfg = Debug|Any CPU
		{08CF175B-0057-47AF-8C8D-406010A53895}.Debug|x64.Build.0 = Debug|Any CPU
		{08CF175B-0057-47AF-8C8D-406010A53895}.Debug|x86.ActiveCfg = Debug|Any CPU
		{08CF175B-0057-47AF-8C8D-406010A53895}.Debug|x86.Build.0 = Debug|Any CPU
		{08CF175B-0057-47AF-8C8D-406010A53895}.Release|Any CPU.ActiveCfg = Release|Any CPU
		{08CF175B-0057-47AF-8C8D-406010A53895}.Release|Any CPU.Build.0 = Release|Any CPU
		{08CF175B-0057-47AF-8C8D-406010A53895}.Release|ARM.ActiveCfg = Release|Any CPU
		{08CF175B-0057-47AF-8C8D-406010A53895}.Release|ARM.Build.0 = Release|Any CPU
		{08CF175B-0057-47AF-8C8D-406010A53895}.Release|iPhone.ActiveCfg = Release|Any CPU
		{08CF175B-0057-47AF-8C8D-406010A53895}.Release|iPhone.Build.0 = Release|Any CPU
		{08CF175B-0057-47AF-8C8D-406010A53895}.Release|iPhoneSimulator.ActiveCfg = Release|Any CPU
		{08CF175B-0057-47AF-8C8D-406010A53895}.Release|iPhoneSimulator.Build.0 = Release|Any CPU
		{08CF175B-0057-47AF-8C8D-406010A53895}.Release|x64.ActiveCfg = Release|Any CPU
		{08CF175B-0057-47AF-8C8D-406010A53895}.Release|x64.Build.0 = Release|Any CPU
		{08CF175B-0057-47AF-8C8D-406010A53895}.Release|x86.ActiveCfg = Release|Any CPU
		{08CF175B-0057-47AF-8C8D-406010A53895}.Release|x86.Build.0 = Release|Any CPU
		{055FEDD0-AB52-45CE-A74D-48C009E4DB73}.Ad-Hoc|Any CPU.ActiveCfg = Release|Any CPU
		{055FEDD0-AB52-45CE-A74D-48C009E4DB73}.Ad-Hoc|Any CPU.Build.0 = Release|Any CPU
		{055FEDD0-AB52-45CE-A74D-48C009E4DB73}.Ad-Hoc|ARM.ActiveCfg = Release|Any CPU
		{055FEDD0-AB52-45CE-A74D-48C009E4DB73}.Ad-Hoc|ARM.Build.0 = Release|Any CPU
		{055FEDD0-AB52-45CE-A74D-48C009E4DB73}.Ad-Hoc|iPhone.ActiveCfg = Release|Any CPU
		{055FEDD0-AB52-45CE-A74D-48C009E4DB73}.Ad-Hoc|iPhone.Build.0 = Release|Any CPU
		{055FEDD0-AB52-45CE-A74D-48C009E4DB73}.Ad-Hoc|iPhoneSimulator.ActiveCfg = Release|Any CPU
		{055FEDD0-AB52-45CE-A74D-48C009E4DB73}.Ad-Hoc|iPhoneSimulator.Build.0 = Release|Any CPU
		{055FEDD0-AB52-45CE-A74D-48C009E4DB73}.Ad-Hoc|x64.ActiveCfg = Release|Any CPU
		{055FEDD0-AB52-45CE-A74D-48C009E4DB73}.Ad-Hoc|x64.Build.0 = Release|Any CPU
		{055FEDD0-AB52-45CE-A74D-48C009E4DB73}.Ad-Hoc|x86.ActiveCfg = Release|Any CPU
		{055FEDD0-AB52-45CE-A74D-48C009E4DB73}.Ad-Hoc|x86.Build.0 = Release|Any CPU
		{055FEDD0-AB52-45CE-A74D-48C009E4DB73}.AppStore|Any CPU.ActiveCfg = Release|Any CPU
		{055FEDD0-AB52-45CE-A74D-48C009E4DB73}.AppStore|Any CPU.Build.0 = Release|Any CPU
		{055FEDD0-AB52-45CE-A74D-48C009E4DB73}.AppStore|ARM.ActiveCfg = Release|Any CPU
		{055FEDD0-AB52-45CE-A74D-48C009E4DB73}.AppStore|ARM.Build.0 = Release|Any CPU
		{055FEDD0-AB52-45CE-A74D-48C009E4DB73}.AppStore|iPhone.ActiveCfg = Release|Any CPU
		{055FEDD0-AB52-45CE-A74D-48C009E4DB73}.AppStore|iPhone.Build.0 = Release|Any CPU
		{055FEDD0-AB52-45CE-A74D-48C009E4DB73}.AppStore|iPhoneSimulator.ActiveCfg = Release|Any CPU
		{055FEDD0-AB52-45CE-A74D-48C009E4DB73}.AppStore|iPhoneSimulator.Build.0 = Release|Any CPU
		{055FEDD0-AB52-45CE-A74D-48C009E4DB73}.AppStore|x64.ActiveCfg = Release|Any CPU
		{055FEDD0-AB52-45CE-A74D-48C009E4DB73}.AppStore|x64.Build.0 = Release|Any CPU
		{055FEDD0-AB52-45CE-A74D-48C009E4DB73}.AppStore|x86.ActiveCfg = Release|Any CPU
		{055FEDD0-AB52-45CE-A74D-48C009E4DB73}.AppStore|x86.Build.0 = Release|Any CPU
		{055FEDD0-AB52-45CE-A74D-48C009E4DB73}.Debug|Any CPU.ActiveCfg = Debug|Any CPU
		{055FEDD0-AB52-45CE-A74D-48C009E4DB73}.Debug|Any CPU.Build.0 = Debug|Any CPU
		{055FEDD0-AB52-45CE-A74D-48C009E4DB73}.Debug|ARM.ActiveCfg = Debug|Any CPU
		{055FEDD0-AB52-45CE-A74D-48C009E4DB73}.Debug|ARM.Build.0 = Debug|Any CPU
		{055FEDD0-AB52-45CE-A74D-48C009E4DB73}.Debug|iPhone.ActiveCfg = Debug|Any CPU
		{055FEDD0-AB52-45CE-A74D-48C009E4DB73}.Debug|iPhone.Build.0 = Debug|Any CPU
		{055FEDD0-AB52-45CE-A74D-48C009E4DB73}.Debug|iPhoneSimulator.ActiveCfg = Debug|Any CPU
		{055FEDD0-AB52-45CE-A74D-48C009E4DB73}.Debug|iPhoneSimulator.Build.0 = Debug|Any CPU
		{055FEDD0-AB52-45CE-A74D-48C009E4DB73}.Debug|x64.ActiveCfg = Debug|Any CPU
		{055FEDD0-AB52-45CE-A74D-48C009E4DB73}.Debug|x64.Build.0 = Debug|Any CPU
		{055FEDD0-AB52-45CE-A74D-48C009E4DB73}.Debug|x86.ActiveCfg = Debug|Any CPU
		{055FEDD0-AB52-45CE-A74D-48C009E4DB73}.Debug|x86.Build.0 = Debug|Any CPU
		{055FEDD0-AB52-45CE-A74D-48C009E4DB73}.Release|Any CPU.ActiveCfg = Release|Any CPU
		{055FEDD0-AB52-45CE-A74D-48C009E4DB73}.Release|Any CPU.Build.0 = Release|Any CPU
		{055FEDD0-AB52-45CE-A74D-48C009E4DB73}.Release|ARM.ActiveCfg = Release|Any CPU
		{055FEDD0-AB52-45CE-A74D-48C009E4DB73}.Release|ARM.Build.0 = Release|Any CPU
		{055FEDD0-AB52-45CE-A74D-48C009E4DB73}.Release|iPhone.ActiveCfg = Release|Any CPU
		{055FEDD0-AB52-45CE-A74D-48C009E4DB73}.Release|iPhone.Build.0 = Release|Any CPU
		{055FEDD0-AB52-45CE-A74D-48C009E4DB73}.Release|iPhoneSimulator.ActiveCfg = Release|Any CPU
		{055FEDD0-AB52-45CE-A74D-48C009E4DB73}.Release|iPhoneSimulator.Build.0 = Release|Any CPU
		{055FEDD0-AB52-45CE-A74D-48C009E4DB73}.Release|x64.ActiveCfg = Release|Any CPU
		{055FEDD0-AB52-45CE-A74D-48C009E4DB73}.Release|x64.Build.0 = Release|Any CPU
		{055FEDD0-AB52-45CE-A74D-48C009E4DB73}.Release|x86.ActiveCfg = Release|Any CPU
		{055FEDD0-AB52-45CE-A74D-48C009E4DB73}.Release|x86.Build.0 = Release|Any CPU
		{360266C3-DF94-4A96-A1C9-915D97D6549F}.Ad-Hoc|Any CPU.ActiveCfg = Release|x86
		{360266C3-DF94-4A96-A1C9-915D97D6549F}.Ad-Hoc|Any CPU.Build.0 = Release|x86
		{360266C3-DF94-4A96-A1C9-915D97D6549F}.Ad-Hoc|ARM.ActiveCfg = Release|x86
		{360266C3-DF94-4A96-A1C9-915D97D6549F}.Ad-Hoc|ARM.Build.0 = Release|x86
		{360266C3-DF94-4A96-A1C9-915D97D6549F}.Ad-Hoc|iPhone.ActiveCfg = Release|x86
		{360266C3-DF94-4A96-A1C9-915D97D6549F}.Ad-Hoc|iPhone.Build.0 = Release|x86
		{360266C3-DF94-4A96-A1C9-915D97D6549F}.Ad-Hoc|iPhoneSimulator.ActiveCfg = Release|x86
		{360266C3-DF94-4A96-A1C9-915D97D6549F}.Ad-Hoc|iPhoneSimulator.Build.0 = Release|x86
		{360266C3-DF94-4A96-A1C9-915D97D6549F}.Ad-Hoc|x64.ActiveCfg = Release|x86
		{360266C3-DF94-4A96-A1C9-915D97D6549F}.Ad-Hoc|x64.Build.0 = Release|x86
		{360266C3-DF94-4A96-A1C9-915D97D6549F}.Ad-Hoc|x86.ActiveCfg = Release|x86
		{360266C3-DF94-4A96-A1C9-915D97D6549F}.Ad-Hoc|x86.Build.0 = Release|x86
		{360266C3-DF94-4A96-A1C9-915D97D6549F}.AppStore|Any CPU.ActiveCfg = Release|x86
		{360266C3-DF94-4A96-A1C9-915D97D6549F}.AppStore|Any CPU.Build.0 = Release|x86
		{360266C3-DF94-4A96-A1C9-915D97D6549F}.AppStore|ARM.ActiveCfg = Release|x86
		{360266C3-DF94-4A96-A1C9-915D97D6549F}.AppStore|ARM.Build.0 = Release|x86
		{360266C3-DF94-4A96-A1C9-915D97D6549F}.AppStore|iPhone.ActiveCfg = Release|x86
		{360266C3-DF94-4A96-A1C9-915D97D6549F}.AppStore|iPhone.Build.0 = Release|x86
		{360266C3-DF94-4A96-A1C9-915D97D6549F}.AppStore|iPhoneSimulator.ActiveCfg = Release|x86
		{360266C3-DF94-4A96-A1C9-915D97D6549F}.AppStore|iPhoneSimulator.Build.0 = Release|x86
		{360266C3-DF94-4A96-A1C9-915D97D6549F}.AppStore|x64.ActiveCfg = Release|x86
		{360266C3-DF94-4A96-A1C9-915D97D6549F}.AppStore|x64.Build.0 = Release|x86
		{360266C3-DF94-4A96-A1C9-915D97D6549F}.AppStore|x86.ActiveCfg = Release|x86
		{360266C3-DF94-4A96-A1C9-915D97D6549F}.AppStore|x86.Build.0 = Release|x86
		{360266C3-DF94-4A96-A1C9-915D97D6549F}.Debug|Any CPU.ActiveCfg = Debug|x86
		{360266C3-DF94-4A96-A1C9-915D97D6549F}.Debug|Any CPU.Build.0 = Debug|x86
		{360266C3-DF94-4A96-A1C9-915D97D6549F}.Debug|ARM.ActiveCfg = Debug|x86
		{360266C3-DF94-4A96-A1C9-915D97D6549F}.Debug|iPhone.ActiveCfg = Debug|x86
		{360266C3-DF94-4A96-A1C9-915D97D6549F}.Debug|iPhoneSimulator.ActiveCfg = Debug|x86
		{360266C3-DF94-4A96-A1C9-915D97D6549F}.Debug|x64.ActiveCfg = Debug|x86
		{360266C3-DF94-4A96-A1C9-915D97D6549F}.Debug|x86.ActiveCfg = Debug|x86
		{360266C3-DF94-4A96-A1C9-915D97D6549F}.Debug|x86.Build.0 = Debug|x86
		{360266C3-DF94-4A96-A1C9-915D97D6549F}.Release|Any CPU.ActiveCfg = Release|x86
		{360266C3-DF94-4A96-A1C9-915D97D6549F}.Release|ARM.ActiveCfg = Release|x86
		{360266C3-DF94-4A96-A1C9-915D97D6549F}.Release|iPhone.ActiveCfg = Release|x86
		{360266C3-DF94-4A96-A1C9-915D97D6549F}.Release|iPhoneSimulator.ActiveCfg = Release|x86
		{360266C3-DF94-4A96-A1C9-915D97D6549F}.Release|x64.ActiveCfg = Release|x86
		{360266C3-DF94-4A96-A1C9-915D97D6549F}.Release|x86.ActiveCfg = Release|x86
		{360266C3-DF94-4A96-A1C9-915D97D6549F}.Release|x86.Build.0 = Release|x86
		{98E44B20-48E2-4B36-9A87-D626E2C598BB}.Ad-Hoc|Any CPU.ActiveCfg = Release|x64
		{98E44B20-48E2-4B36-9A87-D626E2C598BB}.Ad-Hoc|Any CPU.Build.0 = Release|x64
		{98E44B20-48E2-4B36-9A87-D626E2C598BB}.Ad-Hoc|Any CPU.Deploy.0 = Release|x64
		{98E44B20-48E2-4B36-9A87-D626E2C598BB}.Ad-Hoc|ARM.ActiveCfg = Release|ARM
		{98E44B20-48E2-4B36-9A87-D626E2C598BB}.Ad-Hoc|ARM.Build.0 = Release|ARM
		{98E44B20-48E2-4B36-9A87-D626E2C598BB}.Ad-Hoc|ARM.Deploy.0 = Release|ARM
		{98E44B20-48E2-4B36-9A87-D626E2C598BB}.Ad-Hoc|iPhone.ActiveCfg = Release|x64
		{98E44B20-48E2-4B36-9A87-D626E2C598BB}.Ad-Hoc|iPhone.Build.0 = Release|x64
		{98E44B20-48E2-4B36-9A87-D626E2C598BB}.Ad-Hoc|iPhone.Deploy.0 = Release|x64
		{98E44B20-48E2-4B36-9A87-D626E2C598BB}.Ad-Hoc|iPhoneSimulator.ActiveCfg = Release|x64
		{98E44B20-48E2-4B36-9A87-D626E2C598BB}.Ad-Hoc|iPhoneSimulator.Build.0 = Release|x64
		{98E44B20-48E2-4B36-9A87-D626E2C598BB}.Ad-Hoc|iPhoneSimulator.Deploy.0 = Release|x64
		{98E44B20-48E2-4B36-9A87-D626E2C598BB}.Ad-Hoc|x64.ActiveCfg = Release|x64
		{98E44B20-48E2-4B36-9A87-D626E2C598BB}.Ad-Hoc|x64.Build.0 = Release|x64
		{98E44B20-48E2-4B36-9A87-D626E2C598BB}.Ad-Hoc|x64.Deploy.0 = Release|x64
		{98E44B20-48E2-4B36-9A87-D626E2C598BB}.Ad-Hoc|x86.ActiveCfg = Release|x86
		{98E44B20-48E2-4B36-9A87-D626E2C598BB}.Ad-Hoc|x86.Build.0 = Release|x86
		{98E44B20-48E2-4B36-9A87-D626E2C598BB}.Ad-Hoc|x86.Deploy.0 = Release|x86
		{98E44B20-48E2-4B36-9A87-D626E2C598BB}.AppStore|Any CPU.ActiveCfg = Release|x64
		{98E44B20-48E2-4B36-9A87-D626E2C598BB}.AppStore|Any CPU.Build.0 = Release|x64
		{98E44B20-48E2-4B36-9A87-D626E2C598BB}.AppStore|Any CPU.Deploy.0 = Release|x64
		{98E44B20-48E2-4B36-9A87-D626E2C598BB}.AppStore|ARM.ActiveCfg = Release|ARM
		{98E44B20-48E2-4B36-9A87-D626E2C598BB}.AppStore|ARM.Build.0 = Release|ARM
		{98E44B20-48E2-4B36-9A87-D626E2C598BB}.AppStore|ARM.Deploy.0 = Release|ARM
		{98E44B20-48E2-4B36-9A87-D626E2C598BB}.AppStore|iPhone.ActiveCfg = Release|x64
		{98E44B20-48E2-4B36-9A87-D626E2C598BB}.AppStore|iPhone.Build.0 = Release|x64
		{98E44B20-48E2-4B36-9A87-D626E2C598BB}.AppStore|iPhone.Deploy.0 = Release|x64
		{98E44B20-48E2-4B36-9A87-D626E2C598BB}.AppStore|iPhoneSimulator.ActiveCfg = Release|x64
		{98E44B20-48E2-4B36-9A87-D626E2C598BB}.AppStore|iPhoneSimulator.Build.0 = Release|x64
		{98E44B20-48E2-4B36-9A87-D626E2C598BB}.AppStore|iPhoneSimulator.Deploy.0 = Release|x64
		{98E44B20-48E2-4B36-9A87-D626E2C598BB}.AppStore|x64.ActiveCfg = Release|x64
		{98E44B20-48E2-4B36-9A87-D626E2C598BB}.AppStore|x64.Build.0 = Release|x64
		{98E44B20-48E2-4B36-9A87-D626E2C598BB}.AppStore|x64.Deploy.0 = Release|x64
		{98E44B20-48E2-4B36-9A87-D626E2C598BB}.AppStore|x86.ActiveCfg = Release|x86
		{98E44B20-48E2-4B36-9A87-D626E2C598BB}.AppStore|x86.Build.0 = Release|x86
		{98E44B20-48E2-4B36-9A87-D626E2C598BB}.AppStore|x86.Deploy.0 = Release|x86
		{98E44B20-48E2-4B36-9A87-D626E2C598BB}.Debug|Any CPU.ActiveCfg = Debug|x86
		{98E44B20-48E2-4B36-9A87-D626E2C598BB}.Debug|Any CPU.Build.0 = Debug|x86
		{98E44B20-48E2-4B36-9A87-D626E2C598BB}.Debug|ARM.ActiveCfg = Debug|ARM
		{98E44B20-48E2-4B36-9A87-D626E2C598BB}.Debug|ARM.Build.0 = Debug|ARM
		{98E44B20-48E2-4B36-9A87-D626E2C598BB}.Debug|ARM.Deploy.0 = Debug|ARM
		{98E44B20-48E2-4B36-9A87-D626E2C598BB}.Debug|iPhone.ActiveCfg = Debug|x86
		{98E44B20-48E2-4B36-9A87-D626E2C598BB}.Debug|iPhoneSimulator.ActiveCfg = Debug|x86
		{98E44B20-48E2-4B36-9A87-D626E2C598BB}.Debug|x64.ActiveCfg = Debug|x64
		{98E44B20-48E2-4B36-9A87-D626E2C598BB}.Debug|x64.Build.0 = Debug|x64
		{98E44B20-48E2-4B36-9A87-D626E2C598BB}.Debug|x64.Deploy.0 = Debug|x64
		{98E44B20-48E2-4B36-9A87-D626E2C598BB}.Debug|x86.ActiveCfg = Debug|x86
		{98E44B20-48E2-4B36-9A87-D626E2C598BB}.Debug|x86.Build.0 = Debug|x86
		{98E44B20-48E2-4B36-9A87-D626E2C598BB}.Debug|x86.Deploy.0 = Debug|x86
		{98E44B20-48E2-4B36-9A87-D626E2C598BB}.Release|Any CPU.ActiveCfg = Release|x86
		{98E44B20-48E2-4B36-9A87-D626E2C598BB}.Release|ARM.ActiveCfg = Release|ARM
		{98E44B20-48E2-4B36-9A87-D626E2C598BB}.Release|ARM.Build.0 = Release|ARM
		{98E44B20-48E2-4B36-9A87-D626E2C598BB}.Release|ARM.Deploy.0 = Release|ARM
		{98E44B20-48E2-4B36-9A87-D626E2C598BB}.Release|iPhone.ActiveCfg = Release|x86
		{98E44B20-48E2-4B36-9A87-D626E2C598BB}.Release|iPhoneSimulator.ActiveCfg = Release|x86
		{98E44B20-48E2-4B36-9A87-D626E2C598BB}.Release|x64.ActiveCfg = Release|x64
		{98E44B20-48E2-4B36-9A87-D626E2C598BB}.Release|x64.Build.0 = Release|x64
		{98E44B20-48E2-4B36-9A87-D626E2C598BB}.Release|x64.Deploy.0 = Release|x64
		{98E44B20-48E2-4B36-9A87-D626E2C598BB}.Release|x86.ActiveCfg = Release|x86
		{98E44B20-48E2-4B36-9A87-D626E2C598BB}.Release|x86.Build.0 = Release|x86
		{98E44B20-48E2-4B36-9A87-D626E2C598BB}.Release|x86.Deploy.0 = Release|x86
		{39138599-48BD-4DCF-83AF-78DBB4C23277}.Ad-Hoc|Any CPU.ActiveCfg = Release|Any CPU
		{39138599-48BD-4DCF-83AF-78DBB4C23277}.Ad-Hoc|Any CPU.Build.0 = Release|Any CPU
		{39138599-48BD-4DCF-83AF-78DBB4C23277}.Ad-Hoc|Any CPU.Deploy.0 = Release|Any CPU
		{39138599-48BD-4DCF-83AF-78DBB4C23277}.Ad-Hoc|ARM.ActiveCfg = Release|Any CPU
		{39138599-48BD-4DCF-83AF-78DBB4C23277}.Ad-Hoc|ARM.Build.0 = Release|Any CPU
		{39138599-48BD-4DCF-83AF-78DBB4C23277}.Ad-Hoc|ARM.Deploy.0 = Release|Any CPU
		{39138599-48BD-4DCF-83AF-78DBB4C23277}.Ad-Hoc|iPhone.ActiveCfg = Release|Any CPU
		{39138599-48BD-4DCF-83AF-78DBB4C23277}.Ad-Hoc|iPhone.Build.0 = Release|Any CPU
		{39138599-48BD-4DCF-83AF-78DBB4C23277}.Ad-Hoc|iPhone.Deploy.0 = Release|Any CPU
		{39138599-48BD-4DCF-83AF-78DBB4C23277}.Ad-Hoc|iPhoneSimulator.ActiveCfg = Release|Any CPU
		{39138599-48BD-4DCF-83AF-78DBB4C23277}.Ad-Hoc|iPhoneSimulator.Build.0 = Release|Any CPU
		{39138599-48BD-4DCF-83AF-78DBB4C23277}.Ad-Hoc|iPhoneSimulator.Deploy.0 = Release|Any CPU
		{39138599-48BD-4DCF-83AF-78DBB4C23277}.Ad-Hoc|x64.ActiveCfg = Release|Any CPU
		{39138599-48BD-4DCF-83AF-78DBB4C23277}.Ad-Hoc|x64.Build.0 = Release|Any CPU
		{39138599-48BD-4DCF-83AF-78DBB4C23277}.Ad-Hoc|x64.Deploy.0 = Release|Any CPU
		{39138599-48BD-4DCF-83AF-78DBB4C23277}.Ad-Hoc|x86.ActiveCfg = Release|Any CPU
		{39138599-48BD-4DCF-83AF-78DBB4C23277}.Ad-Hoc|x86.Build.0 = Release|Any CPU
		{39138599-48BD-4DCF-83AF-78DBB4C23277}.Ad-Hoc|x86.Deploy.0 = Release|Any CPU
		{39138599-48BD-4DCF-83AF-78DBB4C23277}.AppStore|Any CPU.ActiveCfg = Release|Any CPU
		{39138599-48BD-4DCF-83AF-78DBB4C23277}.AppStore|Any CPU.Build.0 = Release|Any CPU
		{39138599-48BD-4DCF-83AF-78DBB4C23277}.AppStore|Any CPU.Deploy.0 = Release|Any CPU
		{39138599-48BD-4DCF-83AF-78DBB4C23277}.AppStore|ARM.ActiveCfg = Release|Any CPU
		{39138599-48BD-4DCF-83AF-78DBB4C23277}.AppStore|ARM.Build.0 = Release|Any CPU
		{39138599-48BD-4DCF-83AF-78DBB4C23277}.AppStore|ARM.Deploy.0 = Release|Any CPU
		{39138599-48BD-4DCF-83AF-78DBB4C23277}.AppStore|iPhone.ActiveCfg = Release|Any CPU
		{39138599-48BD-4DCF-83AF-78DBB4C23277}.AppStore|iPhone.Build.0 = Release|Any CPU
		{39138599-48BD-4DCF-83AF-78DBB4C23277}.AppStore|iPhone.Deploy.0 = Release|Any CPU
		{39138599-48BD-4DCF-83AF-78DBB4C23277}.AppStore|iPhoneSimulator.ActiveCfg = Release|Any CPU
		{39138599-48BD-4DCF-83AF-78DBB4C23277}.AppStore|iPhoneSimulator.Build.0 = Release|Any CPU
		{39138599-48BD-4DCF-83AF-78DBB4C23277}.AppStore|iPhoneSimulator.Deploy.0 = Release|Any CPU
		{39138599-48BD-4DCF-83AF-78DBB4C23277}.AppStore|x64.ActiveCfg = Release|Any CPU
		{39138599-48BD-4DCF-83AF-78DBB4C23277}.AppStore|x64.Build.0 = Release|Any CPU
		{39138599-48BD-4DCF-83AF-78DBB4C23277}.AppStore|x64.Deploy.0 = Release|Any CPU
		{39138599-48BD-4DCF-83AF-78DBB4C23277}.AppStore|x86.ActiveCfg = Release|Any CPU
		{39138599-48BD-4DCF-83AF-78DBB4C23277}.AppStore|x86.Build.0 = Release|Any CPU
		{39138599-48BD-4DCF-83AF-78DBB4C23277}.AppStore|x86.Deploy.0 = Release|Any CPU
		{39138599-48BD-4DCF-83AF-78DBB4C23277}.Debug|Any CPU.ActiveCfg = Debug|Any CPU
		{39138599-48BD-4DCF-83AF-78DBB4C23277}.Debug|Any CPU.Build.0 = Debug|Any CPU
		{39138599-48BD-4DCF-83AF-78DBB4C23277}.Debug|Any CPU.Deploy.0 = Debug|Any CPU
		{39138599-48BD-4DCF-83AF-78DBB4C23277}.Debug|ARM.ActiveCfg = Debug|Any CPU
		{39138599-48BD-4DCF-83AF-78DBB4C23277}.Debug|ARM.Build.0 = Debug|Any CPU
		{39138599-48BD-4DCF-83AF-78DBB4C23277}.Debug|ARM.Deploy.0 = Debug|Any CPU
		{39138599-48BD-4DCF-83AF-78DBB4C23277}.Debug|iPhone.ActiveCfg = Debug|Any CPU
		{39138599-48BD-4DCF-83AF-78DBB4C23277}.Debug|iPhone.Build.0 = Debug|Any CPU
		{39138599-48BD-4DCF-83AF-78DBB4C23277}.Debug|iPhone.Deploy.0 = Debug|Any CPU
		{39138599-48BD-4DCF-83AF-78DBB4C23277}.Debug|iPhoneSimulator.ActiveCfg = Debug|Any CPU
		{39138599-48BD-4DCF-83AF-78DBB4C23277}.Debug|iPhoneSimulator.Build.0 = Debug|Any CPU
		{39138599-48BD-4DCF-83AF-78DBB4C23277}.Debug|iPhoneSimulator.Deploy.0 = Debug|Any CPU
		{39138599-48BD-4DCF-83AF-78DBB4C23277}.Debug|x64.ActiveCfg = Debug|Any CPU
		{39138599-48BD-4DCF-83AF-78DBB4C23277}.Debug|x64.Build.0 = Debug|Any CPU
		{39138599-48BD-4DCF-83AF-78DBB4C23277}.Debug|x64.Deploy.0 = Debug|Any CPU
		{39138599-48BD-4DCF-83AF-78DBB4C23277}.Debug|x86.ActiveCfg = Debug|Any CPU
		{39138599-48BD-4DCF-83AF-78DBB4C23277}.Debug|x86.Build.0 = Debug|Any CPU
		{39138599-48BD-4DCF-83AF-78DBB4C23277}.Debug|x86.Deploy.0 = Debug|Any CPU
		{39138599-48BD-4DCF-83AF-78DBB4C23277}.Release|Any CPU.ActiveCfg = Release|Any CPU
		{39138599-48BD-4DCF-83AF-78DBB4C23277}.Release|Any CPU.Build.0 = Release|Any CPU
		{39138599-48BD-4DCF-83AF-78DBB4C23277}.Release|Any CPU.Deploy.0 = Release|Any CPU
		{39138599-48BD-4DCF-83AF-78DBB4C23277}.Release|ARM.ActiveCfg = Release|Any CPU
		{39138599-48BD-4DCF-83AF-78DBB4C23277}.Release|ARM.Build.0 = Release|Any CPU
		{39138599-48BD-4DCF-83AF-78DBB4C23277}.Release|ARM.Deploy.0 = Release|Any CPU
		{39138599-48BD-4DCF-83AF-78DBB4C23277}.Release|iPhone.ActiveCfg = Release|Any CPU
		{39138599-48BD-4DCF-83AF-78DBB4C23277}.Release|iPhone.Build.0 = Release|Any CPU
		{39138599-48BD-4DCF-83AF-78DBB4C23277}.Release|iPhone.Deploy.0 = Release|Any CPU
		{39138599-48BD-4DCF-83AF-78DBB4C23277}.Release|iPhoneSimulator.ActiveCfg = Release|Any CPU
		{39138599-48BD-4DCF-83AF-78DBB4C23277}.Release|iPhoneSimulator.Build.0 = Release|Any CPU
		{39138599-48BD-4DCF-83AF-78DBB4C23277}.Release|iPhoneSimulator.Deploy.0 = Release|Any CPU
		{39138599-48BD-4DCF-83AF-78DBB4C23277}.Release|x64.ActiveCfg = Release|Any CPU
		{39138599-48BD-4DCF-83AF-78DBB4C23277}.Release|x64.Build.0 = Release|Any CPU
		{39138599-48BD-4DCF-83AF-78DBB4C23277}.Release|x64.Deploy.0 = Release|Any CPU
		{39138599-48BD-4DCF-83AF-78DBB4C23277}.Release|x86.ActiveCfg = Release|Any CPU
		{39138599-48BD-4DCF-83AF-78DBB4C23277}.Release|x86.Build.0 = Release|Any CPU
		{39138599-48BD-4DCF-83AF-78DBB4C23277}.Release|x86.Deploy.0 = Release|Any CPU
		{F70F5F39-72F9-45FC-97DA-FAA70C66BA65}.Ad-Hoc|Any CPU.ActiveCfg = Ad-Hoc|iPhone
		{F70F5F39-72F9-45FC-97DA-FAA70C66BA65}.Ad-Hoc|ARM.ActiveCfg = Ad-Hoc|iPhone
		{F70F5F39-72F9-45FC-97DA-FAA70C66BA65}.Ad-Hoc|iPhone.ActiveCfg = Ad-Hoc|iPhone
		{F70F5F39-72F9-45FC-97DA-FAA70C66BA65}.Ad-Hoc|iPhone.Build.0 = Ad-Hoc|iPhone
		{F70F5F39-72F9-45FC-97DA-FAA70C66BA65}.Ad-Hoc|iPhoneSimulator.ActiveCfg = Ad-Hoc|iPhoneSimulator
		{F70F5F39-72F9-45FC-97DA-FAA70C66BA65}.Ad-Hoc|iPhoneSimulator.Build.0 = Ad-Hoc|iPhoneSimulator
		{F70F5F39-72F9-45FC-97DA-FAA70C66BA65}.Ad-Hoc|x64.ActiveCfg = Ad-Hoc|iPhone
		{F70F5F39-72F9-45FC-97DA-FAA70C66BA65}.Ad-Hoc|x86.ActiveCfg = Ad-Hoc|iPhone
		{F70F5F39-72F9-45FC-97DA-FAA70C66BA65}.AppStore|Any CPU.ActiveCfg = AppStore|iPhone
		{F70F5F39-72F9-45FC-97DA-FAA70C66BA65}.AppStore|ARM.ActiveCfg = AppStore|iPhone
		{F70F5F39-72F9-45FC-97DA-FAA70C66BA65}.AppStore|iPhone.ActiveCfg = AppStore|iPhone
		{F70F5F39-72F9-45FC-97DA-FAA70C66BA65}.AppStore|iPhone.Build.0 = AppStore|iPhone
		{F70F5F39-72F9-45FC-97DA-FAA70C66BA65}.AppStore|iPhoneSimulator.ActiveCfg = AppStore|iPhoneSimulator
		{F70F5F39-72F9-45FC-97DA-FAA70C66BA65}.AppStore|iPhoneSimulator.Build.0 = AppStore|iPhoneSimulator
		{F70F5F39-72F9-45FC-97DA-FAA70C66BA65}.AppStore|x64.ActiveCfg = AppStore|iPhone
		{F70F5F39-72F9-45FC-97DA-FAA70C66BA65}.AppStore|x86.ActiveCfg = AppStore|iPhone
		{F70F5F39-72F9-45FC-97DA-FAA70C66BA65}.Debug|Any CPU.ActiveCfg = Debug|iPhone
		{F70F5F39-72F9-45FC-97DA-FAA70C66BA65}.Debug|Any CPU.Build.0 = Debug|iPhone
		{F70F5F39-72F9-45FC-97DA-FAA70C66BA65}.Debug|ARM.ActiveCfg = Debug|iPhone
		{F70F5F39-72F9-45FC-97DA-FAA70C66BA65}.Debug|iPhone.ActiveCfg = Debug|iPhone
		{F70F5F39-72F9-45FC-97DA-FAA70C66BA65}.Debug|iPhone.Build.0 = Debug|iPhone
		{F70F5F39-72F9-45FC-97DA-FAA70C66BA65}.Debug|iPhoneSimulator.ActiveCfg = Debug|iPhoneSimulator
		{F70F5F39-72F9-45FC-97DA-FAA70C66BA65}.Debug|iPhoneSimulator.Build.0 = Debug|iPhoneSimulator
		{F70F5F39-72F9-45FC-97DA-FAA70C66BA65}.Debug|x64.ActiveCfg = Debug|iPhone
		{F70F5F39-72F9-45FC-97DA-FAA70C66BA65}.Debug|x86.ActiveCfg = Debug|iPhone
		{F70F5F39-72F9-45FC-97DA-FAA70C66BA65}.Release|Any CPU.ActiveCfg = Release|iPhone
		{F70F5F39-72F9-45FC-97DA-FAA70C66BA65}.Release|ARM.ActiveCfg = Release|iPhone
		{F70F5F39-72F9-45FC-97DA-FAA70C66BA65}.Release|iPhone.ActiveCfg = Release|iPhone
		{F70F5F39-72F9-45FC-97DA-FAA70C66BA65}.Release|iPhone.Build.0 = Release|iPhone
		{F70F5F39-72F9-45FC-97DA-FAA70C66BA65}.Release|iPhoneSimulator.ActiveCfg = Release|iPhoneSimulator
		{F70F5F39-72F9-45FC-97DA-FAA70C66BA65}.Release|iPhoneSimulator.Build.0 = Release|iPhoneSimulator
		{F70F5F39-72F9-45FC-97DA-FAA70C66BA65}.Release|x64.ActiveCfg = Release|iPhone
		{F70F5F39-72F9-45FC-97DA-FAA70C66BA65}.Release|x86.ActiveCfg = Release|iPhone
	EndGlobalSection
	GlobalSection(SolutionProperties) = preSolution
		HideSolutionNode = FALSE
	EndGlobalSection
	GlobalSection(NestedProjects) = preSolution
		{055FEDD0-AB52-45CE-A74D-48C009E4DB73} = {B7157C98-57CE-457E-A45C-9D1D746A7B93}
		{360266C3-DF94-4A96-A1C9-915D97D6549F} = {B7157C98-57CE-457E-A45C-9D1D746A7B93}
		{98E44B20-48E2-4B36-9A87-D626E2C598BB} = {B7157C98-57CE-457E-A45C-9D1D746A7B93}
		{39138599-48BD-4DCF-83AF-78DBB4C23277} = {B7157C98-57CE-457E-A45C-9D1D746A7B93}
		{F70F5F39-72F9-45FC-97DA-FAA70C66BA65} = {B7157C98-57CE-457E-A45C-9D1D746A7B93}
	EndGlobalSection
EndGlobal
